
Microsoft Visual Studio Solution File, Format Version 12.00
# Visual Studio 15
VisualStudioVersion = 15.0.28010.2003
MinimumVisualStudioVersion = 10.0.40219.1
Project("{FAE04EC0-301F-11D3-BF4B-00C04F79EFBC}") = "CodeLouisville", "CodeLouisville\CodeLouisville.csproj", "{06A983AF-1622-4161-A003-C8F66A0AF740}"
EndProject
Project("{9A19103F-16F7-4668-BE54-9A1E7A4F7556}") = "CodeLouisville.Common", "CodeLouisville.Common\CodeLouisville.Common.csproj", "{6540A744-C55D-414F-934D-BAD747631E08}"
EndProject
Project("{FAE04EC0-301F-11D3-BF4B-00C04F79EFBC}") = "SoccerStats", "..\..\..\Downloads\csharp-SoccerStats-b63e4c65fcb101a1c9fb6204dfb1606f72cb553d\SoccerStats\SoccerStats\SoccerStats.csproj", "{C86F2C22-C9E9-42EA-A42D-439BAD8C568A}"
EndProject
Project("{FAE04EC0-301F-11D3-BF4B-00C04F79EFBC}") = "CodeLouisville.Web", "CodeLouisville.Web\CodeLouisville.Web.csproj", "{D9188EDE-1757-43AC-AC5E-70BF9F9974CE}"
EndProject
Project("{FAE04EC0-301F-11D3-BF4B-00C04F79EFBC}") = "CodeLouisville.WebTests", "CodeLouisville.WebTests\CodeLouisville.WebTests.csproj", "{97B11B5D-6FEB-427C-8FA6-B388CA00DDCA}"
EndProject
Project("{FAE04EC0-301F-11D3-BF4B-00C04F79EFBC}") = "QuickType", "QuickType\QuickType.csproj", "{9D5499E3-DE8E-4838-A38E-6C2A0156AF27}"
EndProject
Project("{FAE04EC0-301F-11D3-BF4B-00C04F79EFBC}") = "CodeLouisville.Utils", "CodeLouisville.Utils\CodeLouisville.Utils.csproj", "{2AE6F09D-4457-4FA4-B7CC-BBAE26598B68}"
EndProject
Global
	GlobalSection(SolutionConfigurationPlatforms) = preSolution
		Debug|Any CPU = Debug|Any CPU
		Release|Any CPU = Release|Any CPU
	EndGlobalSection
	GlobalSection(ProjectConfigurationPlatforms) = postSolution
		{06A983AF-1622-4161-A003-C8F66A0AF740}.Debug|Any CPU.ActiveCfg = Debug|Any CPU
		{06A983AF-1622-4161-A003-C8F66A0AF740}.Debug|Any CPU.Build.0 = Debug|Any CPU
		{06A983AF-1622-4161-A003-C8F66A0AF740}.Release|Any CPU.ActiveCfg = Release|Any CPU
		{06A983AF-1622-4161-A003-C8F66A0AF740}.Release|Any CPU.Build.0 = Release|Any CPU
		{6540A744-C55D-414F-934D-BAD747631E08}.Debug|Any CPU.ActiveCfg = Debug|Any CPU
		{6540A744-C55D-414F-934D-BAD747631E08}.Debug|Any CPU.Build.0 = Debug|Any CPU
		{6540A744-C55D-414F-934D-BAD747631E08}.Release|Any CPU.ActiveCfg = Release|Any CPU
		{6540A744-C55D-414F-934D-BAD747631E08}.Release|Any CPU.Build.0 = Release|Any CPU
		{C86F2C22-C9E9-42EA-A42D-439BAD8C568A}.Debug|Any CPU.ActiveCfg = Debug|Any CPU
		{C86F2C22-C9E9-42EA-A42D-439BAD8C568A}.Debug|Any CPU.Build.0 = Debug|Any CPU
		{C86F2C22-C9E9-42EA-A42D-439BAD8C568A}.Release|Any CPU.ActiveCfg = Release|Any CPU
		{C86F2C22-C9E9-42EA-A42D-439BAD8C568A}.Release|Any CPU.Build.0 = Release|Any CPU
		{D9188EDE-1757-43AC-AC5E-70BF9F9974CE}.Debug|Any CPU.ActiveCfg = Debug|Any CPU
		{D9188EDE-1757-43AC-AC5E-70BF9F9974CE}.Debug|Any CPU.Build.0 = Debug|Any CPU
		{D9188EDE-1757-43AC-AC5E-70BF9F9974CE}.Release|Any CPU.ActiveCfg = Release|Any CPU
		{D9188EDE-1757-43AC-AC5E-70BF9F9974CE}.Release|Any CPU.Build.0 = Release|Any CPU
		{97B11B5D-6FEB-427C-8FA6-B388CA00DDCA}.Debug|Any CPU.ActiveCfg = Debug|Any CPU
		{97B11B5D-6FEB-427C-8FA6-B388CA00DDCA}.Debug|Any CPU.Build.0 = Debug|Any CPU
		{97B11B5D-6FEB-427C-8FA6-B388CA00DDCA}.Release|Any CPU.ActiveCfg = Release|Any CPU
		{97B11B5D-6FEB-427C-8FA6-B388CA00DDCA}.Release|Any CPU.Build.0 = Release|Any CPU
		{9D5499E3-DE8E-4838-A38E-6C2A0156AF27}.Debug|Any CPU.ActiveCfg = Debug|Any CPU
		{9D5499E3-DE8E-4838-A38E-6C2A0156AF27}.Debug|Any CPU.Build.0 = Debug|Any CPU
		{9D5499E3-DE8E-4838-A38E-6C2A0156AF27}.Release|Any CPU.ActiveCfg = Release|Any CPU
		{9D5499E3-DE8E-4838-A38E-6C2A0156AF27}.Release|Any CPU.Build.0 = Release|Any CPU
		{2AE6F09D-4457-4FA4-B7CC-BBAE26598B68}.Debug|Any CPU.ActiveCfg = Debug|Any CPU
		{2AE6F09D-4457-4FA4-B7CC-BBAE26598B68}.Debug|Any CPU.Build.0 = Debug|Any CPU
		{2AE6F09D-4457-4FA4-B7CC-BBAE26598B68}.Release|Any CPU.ActiveCfg = Release|Any CPU
		{2AE6F09D-4457-4FA4-B7CC-BBAE26598B68}.Release|Any CPU.Build.0 = Release|Any CPU
	EndGlobalSection
	GlobalSection(SolutionProperties) = preSolution
		HideSolutionNode = FALSE
	EndGlobalSection
	GlobalSection(ExtensibilityGlobals) = postSolution
		SolutionGuid = {5C078AFC-06DF-4909-9460-C8C146C03F64}
	EndGlobalSection
EndGlobal
